
Microsoft Visual Studio Solution File, Format Version 12.00
# Visual Studio 14
VisualStudioVersion = 14.0.25420.1
MinimumVisualStudioVersion = 10.0.40219.1
Project("{8BC9CEB8-8B4A-11D0-8D11-00A0C91BC942}") = "1_Sort", "1_Sort\1_Sort.vcxproj", "{183A51E4-4AA6-4227-BECE-D68C9FAACEE5}"
EndProject
Project("{8BC9CEB8-8B4A-11D0-8D11-00A0C91BC942}") = "2_Search", "2_Search\2_Search.vcxproj", "{85FDBAFA-620C-4ADF-AFD2-48E977B65868}"
EndProject
Project("{8BC9CEB8-8B4A-11D0-8D11-00A0C91BC942}") = "3_Linklist", "3_Linklist\3_Linklist.vcxproj", "{2CF27875-0692-4CDC-8C1E-B145B65C1F2B}"
EndProject
Project("{8BC9CEB8-8B4A-11D0-8D11-00A0C91BC942}") = "4_SequenceStack", "4_SequenceStack\4_SequenceStack.vcxproj", "{3DB1AFC0-C018-49C3-BD0B-817F1291C8D1}"
EndProject
Project("{8BC9CEB8-8B4A-11D0-8D11-00A0C91BC942}") = "3_2_SequenceList", "3_2_SequenceList\3_2_SequenceList.vcxproj", "{FF96A3A0-FBC0-475C-8689-42A4A001782C}"
EndProject
Project("{8BC9CEB8-8B4A-11D0-8D11-00A0C91BC942}") = "4_2_LinkStack", "4_2_LinkStack\4_2_LinkStack.vcxproj", "{04CBA29B-9BBE-4131-A22A-34E9D869457A}"
EndProject
Project("{8BC9CEB8-8B4A-11D0-8D11-00A0C91BC942}") = "5_Queue", "5_Queue\5_Queue.vcxproj", "{2F76D602-EF14-460A-9051-BC6D0770DBD2}"
EndProject
Project("{8BC9CEB8-8B4A-11D0-8D11-00A0C91BC942}") = "6_Tree", "6_Tree\6_Tree.vcxproj", "{F7CB274B-0730-4BC6-ACAC-85789BD87440}"
EndProject
Project("{8BC9CEB8-8B4A-11D0-8D11-00A0C91BC942}") = "7_Graph", "7_Graph\7_Graph.vcxproj", "{E193B967-DD01-446D-AA1D-2214C994DD2D}"
EndProject
Project("{8BC9CEB8-8B4A-11D0-8D11-00A0C91BC942}") = "Recursion", "Recursion\Recursion.vcxproj", "{6E763F92-188E-45D3-ABFE-5BA6A26B9971}"
EndProject
Global
	GlobalSection(SolutionConfigurationPlatforms) = preSolution
		Debug|x64 = Debug|x64
		Debug|x86 = Debug|x86
		Release|x64 = Release|x64
		Release|x86 = Release|x86
	EndGlobalSection
	GlobalSection(ProjectConfigurationPlatforms) = postSolution
		{183A51E4-4AA6-4227-BECE-D68C9FAACEE5}.Debug|x64.ActiveCfg = Debug|x64
		{183A51E4-4AA6-4227-BECE-D68C9FAACEE5}.Debug|x64.Build.0 = Debug|x64
		{183A51E4-4AA6-4227-BECE-D68C9FAACEE5}.Debug|x86.ActiveCfg = Debug|Win32
		{183A51E4-4AA6-4227-BECE-D68C9FAACEE5}.Debug|x86.Build.0 = Debug|Win32
		{183A51E4-4AA6-4227-BECE-D68C9FAACEE5}.Release|x64.ActiveCfg = Release|x64
		{183A51E4-4AA6-4227-BECE-D68C9FAACEE5}.Release|x64.Build.0 = Release|x64
		{183A51E4-4AA6-4227-BECE-D68C9FAACEE5}.Release|x86.ActiveCfg = Release|Win32
		{183A51E4-4AA6-4227-BECE-D68C9FAACEE5}.Release|x86.Build.0 = Release|Win32
		{85FDBAFA-620C-4ADF-AFD2-48E977B65868}.Debug|x64.ActiveCfg = Debug|x64
		{85FDBAFA-620C-4ADF-AFD2-48E977B65868}.Debug|x64.Build.0 = Debug|x64
		{85FDBAFA-620C-4ADF-AFD2-48E977B65868}.Debug|x86.ActiveCfg = Debug|Win32
		{85FDBAFA-620C-4ADF-AFD2-48E977B65868}.Debug|x86.Build.0 = Debug|Win32
		{85FDBAFA-620C-4ADF-AFD2-48E977B65868}.Release|x64.ActiveCfg = Release|x64
		{85FDBAFA-620C-4ADF-AFD2-48E977B65868}.Release|x64.Build.0 = Release|x64
		{85FDBAFA-620C-4ADF-AFD2-48E977B65868}.Release|x86.ActiveCfg = Release|Win32
		{85FDBAFA-620C-4ADF-AFD2-48E977B65868}.Release|x86.Build.0 = Release|Win32
		{2CF27875-0692-4CDC-8C1E-B145B65C1F2B}.Debug|x64.ActiveCfg = Debug|x64
		{2CF27875-0692-4CDC-8C1E-B145B65C1F2B}.Debug|x64.Build.0 = Debug|x64
		{2CF27875-0692-4CDC-8C1E-B145B65C1F2B}.Debug|x86.ActiveCfg = Debug|Win32
		{2CF27875-0692-4CDC-8C1E-B145B65C1F2B}.Debug|x86.Build.0 = Debug|Win32
		{2CF27875-0692-4CDC-8C1E-B145B65C1F2B}.Release|x64.ActiveCfg = Release|x64
		{2CF27875-0692-4CDC-8C1E-B145B65C1F2B}.Release|x64.Build.0 = Release|x64
		{2CF27875-0692-4CDC-8C1E-B145B65C1F2B}.Release|x86.ActiveCfg = Release|Win32
		{2CF27875-0692-4CDC-8C1E-B145B65C1F2B}.Release|x86.Build.0 = Release|Win32
		{3DB1AFC0-C018-49C3-BD0B-817F1291C8D1}.Debug|x64.ActiveCfg = Debug|x64
		{3DB1AFC0-C018-49C3-BD0B-817F1291C8D1}.Debug|x64.Build.0 = Debug|x64
		{3DB1AFC0-C018-49C3-BD0B-817F1291C8D1}.Debug|x86.ActiveCfg = Debug|Win32
		{3DB1AFC0-C018-49C3-BD0B-817F1291C8D1}.Debug|x86.Build.0 = Debug|Win32
		{3DB1AFC0-C018-49C3-BD0B-817F1291C8D1}.Release|x64.ActiveCfg = Release|x64
		{3DB1AFC0-C018-49C3-BD0B-817F1291C8D1}.Release|x64.Build.0 = Release|x64
		{3DB1AFC0-C018-49C3-BD0B-817F1291C8D1}.Release|x86.ActiveCfg = Release|Win32
		{3DB1AFC0-C018-49C3-BD0B-817F1291C8D1}.Release|x86.Build.0 = Release|Win32
		{FF96A3A0-FBC0-475C-8689-42A4A001782C}.Debug|x64.ActiveCfg = Debug|x64
		{FF96A3A0-FBC0-475C-8689-42A4A001782C}.Debug|x64.Build.0 = Debug|x64
		{FF96A3A0-FBC0-475C-8689-42A4A001782C}.Debug|x86.ActiveCfg = Debug|Win32
		{FF96A3A0-FBC0-475C-8689-42A4A001782C}.Debug|x86.Build.0 = Debug|Win32
		{FF96A3A0-FBC0-475C-8689-42A4A001782C}.Release|x64.ActiveCfg = Release|x64
		{FF96A3A0-FBC0-475C-8689-42A4A001782C}.Release|x64.Build.0 = Release|x64
		{FF96A3A0-FBC0-475C-8689-42A4A001782C}.Release|x86.ActiveCfg = Release|Win32
		{FF96A3A0-FBC0-475C-8689-42A4A001782C}.Release|x86.Build.0 = Release|Win32
		{04CBA29B-9BBE-4131-A22A-34E9D869457A}.Debug|x64.ActiveCfg = Debug|x64
		{04CBA29B-9BBE-4131-A22A-34E9D869457A}.Debug|x64.Build.0 = Debug|x64
		{04CBA29B-9BBE-4131-A22A-34E9D869457A}.Debug|x86.ActiveCfg = Debug|Win32
		{04CBA29B-9BBE-4131-A22A-34E9D869457A}.Debug|x86.Build.0 = Debug|Win32
		{04CBA29B-9BBE-4131-A22A-34E9D869457A}.Release|x64.ActiveCfg = Release|x64
		{04CBA29B-9BBE-4131-A22A-34E9D869457A}.Release|x64.Build.0 = Release|x64
		{04CBA29B-9BBE-4131-A22A-34E9D869457A}.Release|x86.ActiveCfg = Release|Win32
		{04CBA29B-9BBE-4131-A22A-34E9D869457A}.Release|x86.Build.0 = Release|Win32
		{2F76D602-EF14-460A-9051-BC6D0770DBD2}.Debug|x64.ActiveCfg = Debug|x64
		{2F76D602-EF14-460A-9051-BC6D0770DBD2}.Debug|x64.Build.0 = Debug|x64
		{2F76D602-EF14-460A-9051-BC6D0770DBD2}.Debug|x86.ActiveCfg = Debug|Win32
		{2F76D602-EF14-460A-9051-BC6D0770DBD2}.Debug|x86.Build.0 = Debug|Win32
		{2F76D602-EF14-460A-9051-BC6D0770DBD2}.Release|x64.ActiveCfg = Release|x64
		{2F76D602-EF14-460A-9051-BC6D0770DBD2}.Release|x64.Build.0 = Release|x64
		{2F76D602-EF14-460A-9051-BC6D0770DBD2}.Release|x86.ActiveCfg = Release|Win32
		{2F76D602-EF14-460A-9051-BC6D0770DBD2}.Release|x86.Build.0 = Release|Win32
		{F7CB274B-0730-4BC6-ACAC-85789BD87440}.Debug|x64.ActiveCfg = Debug|x64
		{F7CB274B-0730-4BC6-ACAC-85789BD87440}.Debug|x64.Build.0 = Debug|x64
		{F7CB274B-0730-4BC6-ACAC-85789BD87440}.Debug|x86.ActiveCfg = Debug|Win32
		{F7CB274B-0730-4BC6-ACAC-85789BD87440}.Debug|x86.Build.0 = Debug|Win32
		{F7CB274B-0730-4BC6-ACAC-85789BD87440}.Release|x64.ActiveCfg = Release|x64
		{F7CB274B-0730-4BC6-ACAC-85789BD87440}.Release|x64.Build.0 = Release|x64
		{F7CB274B-0730-4BC6-ACAC-85789BD87440}.Release|x86.ActiveCfg = Release|Win32
		{F7CB274B-0730-4BC6-ACAC-85789BD87440}.Release|x86.Build.0 = Release|Win32
		{E193B967-DD01-446D-AA1D-2214C994DD2D}.Debug|x64.ActiveCfg = Debug|x64
		{E193B967-DD01-446D-AA1D-2214C994DD2D}.Debug|x64.Build.0 = Debug|x64
		{E193B967-DD01-446D-AA1D-2214C994DD2D}.Debug|x86.ActiveCfg = Debug|Win32
		{E193B967-DD01-446D-AA1D-2214C994DD2D}.Debug|x86.Build.0 = Debug|Win32
		{E193B967-DD01-446D-AA1D-2214C994DD2D}.Release|x64.ActiveCfg = Release|x64
		{E193B967-DD01-446D-AA1D-2214C994DD2D}.Release|x64.Build.0 = Release|x64
		{E193B967-DD01-446D-AA1D-2214C994DD2D}.Release|x86.ActiveCfg = Release|Win32
		{E193B967-DD01-446D-AA1D-2214C994DD2D}.Release|x86.Build.0 = Release|Win32
		{6E763F92-188E-45D3-ABFE-5BA6A26B9971}.Debug|x64.ActiveCfg = Debug|x64
		{6E763F92-188E-45D3-ABFE-5BA6A26B9971}.Debug|x64.Build.0 = Debug|x64
		{6E763F92-188E-45D3-ABFE-5BA6A26B9971}.Debug|x86.ActiveCfg = Debug|Win32
		{6E763F92-188E-45D3-ABFE-5BA6A26B9971}.Debug|x86.Build.0 = Debug|Win32
		{6E763F92-188E-45D3-ABFE-5BA6A26B9971}.Release|x64.ActiveCfg = Release|x64
		{6E763F92-188E-45D3-ABFE-5BA6A26B9971}.Release|x64.Build.0 = Release|x64
		{6E763F92-188E-45D3-ABFE-5BA6A26B9971}.Release|x86.ActiveCfg = Release|Win32
		{6E763F92-188E-45D3-ABFE-5BA6A26B9971}.Release|x86.Build.0 = Release|Win32
	EndGlobalSection
	GlobalSection(SolutionProperties) = preSolution
		HideSolutionNode = FALSE
	EndGlobalSection
EndGlobal
